// !$*UTF8*$!
{
	archiveVersion = 1;
	classes = {
	};
	objectVersion = 46;
	objects = {

/* Begin PBXAggregateTarget section */
		B19BDFB30B5C94F200465046 /* Release Package */ = {
			isa = PBXAggregateTarget;
			buildConfigurationList = B19BDFBD0B5C955500465046 /* Build configuration list for PBXAggregateTarget "Release Package" */;
			buildPhases = (
				B19BDFB20B5C94F200465046 /* CopyFiles */,
				D5C283AC11634F8000409452 /* ShellScript */,
			);
			dependencies = (
				B19BDFB50B5C94FA00465046 /* PBXTargetDependency */,
			);
			name = "Release Package";
			productName = "Release Package";
		};
/* End PBXAggregateTarget section */

/* Begin PBXBuildFile section */
		2C9DB948090675EB0039C62A /* addprojecttool.png in Resources */ = {isa = PBXBuildFile; fileRef = 2C9DB944090675EB0039C62A /* addprojecttool.png */; };
		2C9DB949090675EB0039C62A /* addtasktool.png in Resources */ = {isa = PBXBuildFile; fileRef = 2C9DB945090675EB0039C62A /* addtasktool.png */; };
		2C9DB94A090675EB0039C62A /* playtool.png in Resources */ = {isa = PBXBuildFile; fileRef = 2C9DB946090675EB0039C62A /* playtool.png */; };
		2C9DB94B090675EB0039C62A /* stoptool.png in Resources */ = {isa = PBXBuildFile; fileRef = 2C9DB947090675EB0039C62A /* stoptool.png */; };
		2C9DB974090677B20039C62A /* Icon.icns in Resources */ = {isa = PBXBuildFile; fileRef = 2C9DB973090677B20039C62A /* Icon.icns */; };
		2C9DD71B0905824F00AA5C6E /* playitem_hl.png in Resources */ = {isa = PBXBuildFile; fileRef = 2C9DD7170905824F00AA5C6E /* playitem_hl.png */; };
		2C9DD71C0905824F00AA5C6E /* playitem.png in Resources */ = {isa = PBXBuildFile; fileRef = 2C9DD7180905824F00AA5C6E /* playitem.png */; };
		2C9DD71D0905824F00AA5C6E /* stopitem_hl.png in Resources */ = {isa = PBXBuildFile; fileRef = 2C9DD7190905824F00AA5C6E /* stopitem_hl.png */; };
		2C9DD71E0905824F00AA5C6E /* stopitem.png in Resources */ = {isa = PBXBuildFile; fileRef = 2C9DD71A0905824F00AA5C6E /* stopitem.png */; };
		8D11072B0486CEB800E47090 /* InfoPlist.strings in Resources */ = {isa = PBXBuildFile; fileRef = 089C165CFE840E0CC02AAC07 /* InfoPlist.strings */; };
		8D11072D0486CEB800E47090 /* main.m in Sources */ = {isa = PBXBuildFile; fileRef = 29B97316FDCFA39411CA2CEA /* main.m */; settings = {ATTRIBUTES = (); }; };
		8D11072F0486CEB800E47090 /* Cocoa.framework in Frameworks */ = {isa = PBXBuildFile; fileRef = 1058C7A1FEA54F0111CA2CBB /* Cocoa.framework */; };
		B19BDFBC0B5C953700465046 /* Time Tracker.app in CopyFiles */ = {isa = PBXBuildFile; fileRef = 8D1107320486CEB800E47090 /* Time Tracker.app */; };
		D43B029623C666EB0033BCD1 /* SearchQuery.m in Sources */ = {isa = PBXBuildFile; fileRef = D43B026823C666E60033BCD1 /* SearchQuery.m */; };
		D43B029723C666EB0033BCD1 /* PreferencesController.m in Sources */ = {isa = PBXBuildFile; fileRef = D43B026B23C666E60033BCD1 /* PreferencesController.m */; };
		D43B029823C666EB0033BCD1 /* TTask.m in Sources */ = {isa = PBXBuildFile; fileRef = D43B026E23C666E60033BCD1 /* TTask.m */; };
		D43B029923C666EB0033BCD1 /* TDateTransformer.m in Sources */ = {isa = PBXBuildFile; fileRef = D43B026F23C666E60033BCD1 /* TDateTransformer.m */; };
		D43B029A23C666EB0033BCD1 /* MainController.m in Sources */ = {isa = PBXBuildFile; fileRef = D43B027123C666E60033BCD1 /* MainController.m */; };
		D43B029B23C666EB0033BCD1 /* RSRTVArrayController.m in Sources */ = {isa = PBXBuildFile; fileRef = D43B027523C666E70033BCD1 /* RSRTVArrayController.m */; };
		D43B029C23C666EB0033BCD1 /* TTaskMover.m in Sources */ = {isa = PBXBuildFile; fileRef = D43B027823C666E70033BCD1 /* TTaskMover.m */; };
		D43B029D23C666EB0033BCD1 /* TTParsedPredicate.m in Sources */ = {isa = PBXBuildFile; fileRef = D43B027923C666E70033BCD1 /* TTParsedPredicate.m */; };
		D43B029E23C666EB0033BCD1 /* TTPredicateEditorViewController.m in Sources */ = {isa = PBXBuildFile; fileRef = D43B027B23C666E70033BCD1 /* TTPredicateEditorViewController.m */; };
		D43B029F23C666EB0033BCD1 /* TTQueryController.m in Sources */ = {isa = PBXBuildFile; fileRef = D43B027D23C666E70033BCD1 /* TTQueryController.m */; };
		D43B02A023C666EB0033BCD1 /* WeekdayPredicateTemplate.m in Sources */ = {isa = PBXBuildFile; fileRef = D43B027F23C666E80033BCD1 /* WeekdayPredicateTemplate.m */; };
		D43B02A123C666EB0033BCD1 /* WorkPeriodMainPredicateTemplate.m in Sources */ = {isa = PBXBuildFile; fileRef = D43B028123C666E80033BCD1 /* WorkPeriodMainPredicateTemplate.m */; };
		D43B02A223C666EB0033BCD1 /* TMetaTask.m in Sources */ = {isa = PBXBuildFile; fileRef = D43B028223C666E80033BCD1 /* TMetaTask.m */; };
		D43B02A323C666EB0033BCD1 /* StartTaskMenuDelegate.m in Sources */ = {isa = PBXBuildFile; fileRef = D43B028323C666E80033BCD1 /* StartTaskMenuDelegate.m */; };
		D43B02A423C666EB0033BCD1 /* TMetaProject.m in Sources */ = {isa = PBXBuildFile; fileRef = D43B028523C666E80033BCD1 /* TMetaProject.m */; };
		D43B02A523C666EB0033BCD1 /* TaskEditorController.m in Sources */ = {isa = PBXBuildFile; fileRef = D43B028823C666E90033BCD1 /* TaskEditorController.m */; };
		D43B02A623C666EB0033BCD1 /* TWorkPeriod.m in Sources */ = {isa = PBXBuildFile; fileRef = D43B028923C666E90033BCD1 /* TWorkPeriod.m */; };
		D43B02A723C666EB0033BCD1 /* TTTimeProvider.m in Sources */ = {isa = PBXBuildFile; fileRef = D43B028B23C666E90033BCD1 /* TTTimeProvider.m */; };
		D43B02A823C666EB0033BCD1 /* CaseInsensitivePredicateTemplate.m in Sources */ = {isa = PBXBuildFile; fileRef = D43B028C23C666E90033BCD1 /* CaseInsensitivePredicateTemplate.m */; };
		D43B02A923C666EB0033BCD1 /* TimeIntervalFormatter.m in Sources */ = {isa = PBXBuildFile; fileRef = D43B028D23C666EA0033BCD1 /* TimeIntervalFormatter.m */; };
		D43B02AA23C666EB0033BCD1 /* TTaskNameTransformer.m in Sources */ = {isa = PBXBuildFile; fileRef = D43B028E23C666EA0033BCD1 /* TTaskNameTransformer.m */; };
		D43B02AB23C666EB0033BCD1 /* TProject.m in Sources */ = {isa = PBXBuildFile; fileRef = D43B029323C666EB0033BCD1 /* TProject.m */; };
		D43B02AC23C666EB0033BCD1 /* DatePredicateTemplate.m in Sources */ = {isa = PBXBuildFile; fileRef = D43B029523C666EB0033BCD1 /* DatePredicateTemplate.m */; };
		D555336E115C140F000D3B99 /* dsa_pub.pem in Resources */ = {isa = PBXBuildFile; fileRef = D555336D115C140F000D3B99 /* dsa_pub.pem */; };
		D5A7616F10C1C24A004B88C7 /* MainMenu.xib in Resources */ = {isa = PBXBuildFile; fileRef = D5A7616D10C1C24A004B88C7 /* MainMenu.xib */; };
		D5B0A2C80D24D15A004DBF70 /* pickdateofftool.png in Resources */ = {isa = PBXBuildFile; fileRef = D5B0A2C60D24D15A004DBF70 /* pickdateofftool.png */; };
		D5B0A2C90D24D15A004DBF70 /* pickdatetool.png in Resources */ = {isa = PBXBuildFile; fileRef = D5B0A2C70D24D15A004DBF70 /* pickdatetool.png */; };
		D5C9939C11636AFB00AFCE6E /* ChangeLog.yml in Resources */ = {isa = PBXBuildFile; fileRef = D5C9939B11636AFB00AFCE6E /* ChangeLog.yml */; };
		D5CB9D0011E2055D00E3283E /* TaskEditor.xib in Resources */ = {isa = PBXBuildFile; fileRef = D5CB9CFE11E2055D00E3283E /* TaskEditor.xib */; };
		D5E58E400D243A21003020AA /* dayofftool.png in Resources */ = {isa = PBXBuildFile; fileRef = D5E58E3A0D243A21003020AA /* dayofftool.png */; };
		D5E58E410D243A21003020AA /* daytool.png in Resources */ = {isa = PBXBuildFile; fileRef = D5E58E3B0D243A21003020AA /* daytool.png */; };
		D5E58E420D243A21003020AA /* monthofftool.png in Resources */ = {isa = PBXBuildFile; fileRef = D5E58E3C0D243A21003020AA /* monthofftool.png */; };
		D5E58E430D243A21003020AA /* monthtool.png in Resources */ = {isa = PBXBuildFile; fileRef = D5E58E3D0D243A21003020AA /* monthtool.png */; };
		D5E58E440D243A21003020AA /* weekofftool.png in Resources */ = {isa = PBXBuildFile; fileRef = D5E58E3E0D243A21003020AA /* weekofftool.png */; };
		D5E58E450D243A21003020AA /* weektool.png in Resources */ = {isa = PBXBuildFile; fileRef = D5E58E3F0D243A21003020AA /* weektool.png */; };
/* End PBXBuildFile section */

/* Begin PBXContainerItemProxy section */
		B19BDFB40B5C94FA00465046 /* PBXContainerItemProxy */ = {
			isa = PBXContainerItemProxy;
			containerPortal = 29B97313FDCFA39411CA2CEA /* Project object */;
			proxyType = 1;
			remoteGlobalIDString = 8D1107260486CEB800E47090;
			remoteInfo = "Time Tracker";
		};
/* End PBXContainerItemProxy section */

/* Begin PBXCopyFilesBuildPhase section */
		B19BDFB20B5C94F200465046 /* CopyFiles */ = {
			isa = PBXCopyFilesBuildPhase;
			buildActionMask = 2147483647;
			dstPath = "Release-$(CURRENT_PROJECT_VERSION)";
			dstSubfolderSpec = 16;
			files = (
				B19BDFBC0B5C953700465046 /* Time Tracker.app in CopyFiles */,
			);
			runOnlyForDeploymentPostprocessing = 0;
		};
/* End PBXCopyFilesBuildPhase section */

/* Begin PBXFileReference section */
		089C165DFE840E0CC02AAC07 /* English */ = {isa = PBXFileReference; fileEncoding = 10; lastKnownFileType = text.plist.strings; name = English; path = English.lproj/InfoPlist.strings; sourceTree = "<group>"; };
		1058C7A1FEA54F0111CA2CBB /* Cocoa.framework */ = {isa = PBXFileReference; lastKnownFileType = wrapper.framework; name = Cocoa.framework; path = /System/Library/Frameworks/Cocoa.framework; sourceTree = "<absolute>"; };
		29B97316FDCFA39411CA2CEA /* main.m */ = {isa = PBXFileReference; fileEncoding = 4; lastKnownFileType = sourcecode.c.objc; path = main.m; sourceTree = "<group>"; };
		29B97324FDCFA39411CA2CEA /* AppKit.framework */ = {isa = PBXFileReference; lastKnownFileType = wrapper.framework; name = AppKit.framework; path = /System/Library/Frameworks/AppKit.framework; sourceTree = "<absolute>"; };
		29B97325FDCFA39411CA2CEA /* Foundation.framework */ = {isa = PBXFileReference; lastKnownFileType = wrapper.framework; name = Foundation.framework; path = /System/Library/Frameworks/Foundation.framework; sourceTree = "<absolute>"; };
		2C9DB944090675EB0039C62A /* addprojecttool.png */ = {isa = PBXFileReference; lastKnownFileType = image.png; name = addprojecttool.png; path = Graphics/addprojecttool.png; sourceTree = "<group>"; };
		2C9DB945090675EB0039C62A /* addtasktool.png */ = {isa = PBXFileReference; lastKnownFileType = image.png; name = addtasktool.png; path = Graphics/addtasktool.png; sourceTree = "<group>"; };
		2C9DB946090675EB0039C62A /* playtool.png */ = {isa = PBXFileReference; lastKnownFileType = image.png; name = playtool.png; path = Graphics/playtool.png; sourceTree = "<group>"; };
		2C9DB947090675EB0039C62A /* stoptool.png */ = {isa = PBXFileReference; lastKnownFileType = image.png; name = stoptool.png; path = Graphics/stoptool.png; sourceTree = "<group>"; };
		2C9DB973090677B20039C62A /* Icon.icns */ = {isa = PBXFileReference; lastKnownFileType = image.icns; path = Icon.icns; sourceTree = "<group>"; };
		2C9DD7170905824F00AA5C6E /* playitem_hl.png */ = {isa = PBXFileReference; lastKnownFileType = image.png; name = playitem_hl.png; path = Graphics/playitem_hl.png; sourceTree = "<group>"; };
		2C9DD7180905824F00AA5C6E /* playitem.png */ = {isa = PBXFileReference; lastKnownFileType = image.png; name = playitem.png; path = Graphics/playitem.png; sourceTree = "<group>"; };
		2C9DD7190905824F00AA5C6E /* stopitem_hl.png */ = {isa = PBXFileReference; lastKnownFileType = image.png; name = stopitem_hl.png; path = Graphics/stopitem_hl.png; sourceTree = "<group>"; };
		2C9DD71A0905824F00AA5C6E /* stopitem.png */ = {isa = PBXFileReference; lastKnownFileType = image.png; name = stopitem.png; path = Graphics/stopitem.png; sourceTree = "<group>"; };
		32CA4F630368D1EE00C91783 /* Time Tracker_Prefix.pch */ = {isa = PBXFileReference; fileEncoding = 4; lastKnownFileType = sourcecode.c.h; path = "Time Tracker_Prefix.pch"; sourceTree = "<group>"; };
		8D1107310486CEB800E47090 /* Info.plist */ = {isa = PBXFileReference; fileEncoding = 4; lastKnownFileType = text.plist; path = Info.plist; sourceTree = "<group>"; };
		8D1107320486CEB800E47090 /* Time Tracker.app */ = {isa = PBXFileReference; explicitFileType = wrapper.application; includeInIndex = 0; path = "Time Tracker.app"; sourceTree = BUILT_PRODUCTS_DIR; };
		B163D4040B646239007D0E2C /* AUTHORS.txt */ = {isa = PBXFileReference; fileEncoding = 4; lastKnownFileType = text; path = AUTHORS.txt; sourceTree = "<group>"; };
		B163D4050B646239007D0E2C /* LICENSE-GPL.txt */ = {isa = PBXFileReference; fileEncoding = 4; lastKnownFileType = text; path = "LICENSE-GPL.txt"; sourceTree = "<group>"; };
		B19BDFC10B5C956700465046 /* ChangeLog.txt */ = {isa = PBXFileReference; fileEncoding = 4; lastKnownFileType = text; path = ChangeLog.txt; sourceTree = SOURCE_ROOT; };
		B19BDFC20B5C956700465046 /* LICENSE.txt */ = {isa = PBXFileReference; fileEncoding = 4; lastKnownFileType = text; path = LICENSE.txt; sourceTree = SOURCE_ROOT; };
		D43B026623C666E50033BCD1 /* TTParsedPredicate.h */ = {isa = PBXFileReference; fileEncoding = 4; lastKnownFileType = sourcecode.c.h; path = TTParsedPredicate.h; sourceTree = "<group>"; };
		D43B026723C666E60033BCD1 /* TMetaTask.h */ = {isa = PBXFileReference; fileEncoding = 4; lastKnownFileType = sourcecode.c.h; path = TMetaTask.h; sourceTree = "<group>"; };
		D43B026823C666E60033BCD1 /* SearchQuery.m */ = {isa = PBXFileReference; fileEncoding = 4; lastKnownFileType = sourcecode.c.objc; path = SearchQuery.m; sourceTree = "<group>"; };
		D43B026923C666E60033BCD1 /* TaskEditorController.h */ = {isa = PBXFileReference; fileEncoding = 4; lastKnownFileType = sourcecode.c.h; path = TaskEditorController.h; sourceTree = "<group>"; };
		D43B026A23C666E60033BCD1 /* IProject.h */ = {isa = PBXFileReference; fileEncoding = 4; lastKnownFileType = sourcecode.c.h; path = IProject.h; sourceTree = "<group>"; };
		D43B026B23C666E60033BCD1 /* PreferencesController.m */ = {isa = PBXFileReference; fileEncoding = 4; lastKnownFileType = sourcecode.c.objc; path = PreferencesController.m; sourceTree = "<group>"; };
		D43B026C23C666E60033BCD1 /* MainController.h */ = {isa = PBXFileReference; fileEncoding = 4; lastKnownFileType = sourcecode.c.h; path = MainController.h; sourceTree = "<group>"; };
		D43B026D23C666E60033BCD1 /* TMetaProject.h */ = {isa = PBXFileReference; fileEncoding = 4; lastKnownFileType = sourcecode.c.h; path = TMetaProject.h; sourceTree = "<group>"; };
		D43B026E23C666E60033BCD1 /* TTask.m */ = {isa = PBXFileReference; fileEncoding = 4; lastKnownFileType = sourcecode.c.objc; path = TTask.m; sourceTree = "<group>"; };
		D43B026F23C666E60033BCD1 /* TDateTransformer.m */ = {isa = PBXFileReference; fileEncoding = 4; lastKnownFileType = sourcecode.c.objc; path = TDateTransformer.m; sourceTree = "<group>"; };
		D43B027023C666E60033BCD1 /* TDateTransformer.h */ = {isa = PBXFileReference; fileEncoding = 4; lastKnownFileType = sourcecode.c.h; path = TDateTransformer.h; sourceTree = "<group>"; };
		D43B027123C666E60033BCD1 /* MainController.m */ = {isa = PBXFileReference; fileEncoding = 4; lastKnownFileType = sourcecode.c.objc; path = MainController.m; sourceTree = "<group>"; };
		D43B027223C666E60033BCD1 /* SearchQuery.h */ = {isa = PBXFileReference; fileEncoding = 4; lastKnownFileType = sourcecode.c.h; path = SearchQuery.h; sourceTree = "<group>"; };
		D43B027323C666E60033BCD1 /* TTask.h */ = {isa = PBXFileReference; fileEncoding = 4; lastKnownFileType = sourcecode.c.h; path = TTask.h; sourceTree = "<group>"; };
		D43B027423C666E60033BCD1 /* StartTaskMenuDelegate.h */ = {isa = PBXFileReference; fileEncoding = 4; lastKnownFileType = sourcecode.c.h; path = StartTaskMenuDelegate.h; sourceTree = "<group>"; };
		D43B027523C666E70033BCD1 /* RSRTVArrayController.m */ = {isa = PBXFileReference; fileEncoding = 4; lastKnownFileType = sourcecode.c.objc; path = RSRTVArrayController.m; sourceTree = "<group>"; };
		D43B027623C666E70033BCD1 /* PreferencesController.h */ = {isa = PBXFileReference; fileEncoding = 4; lastKnownFileType = sourcecode.c.h; path = PreferencesController.h; sourceTree = "<group>"; };
		D43B027723C666E70033BCD1 /* TTaskMover.h */ = {isa = PBXFileReference; fileEncoding = 4; lastKnownFileType = sourcecode.c.h; path = TTaskMover.h; sourceTree = "<group>"; };
		D43B027823C666E70033BCD1 /* TTaskMover.m */ = {isa = PBXFileReference; fileEncoding = 4; lastKnownFileType = sourcecode.c.objc; path = TTaskMover.m; sourceTree = "<group>"; };
		D43B027923C666E70033BCD1 /* TTParsedPredicate.m */ = {isa = PBXFileReference; fileEncoding = 4; lastKnownFileType = sourcecode.c.objc; path = TTParsedPredicate.m; sourceTree = "<group>"; };
		D43B027A23C666E70033BCD1 /* ITask.h */ = {isa = PBXFileReference; fileEncoding = 4; lastKnownFileType = sourcecode.c.h; path = ITask.h; sourceTree = "<group>"; };
		D43B027B23C666E70033BCD1 /* TTPredicateEditorViewController.m */ = {isa = PBXFileReference; fileEncoding = 4; lastKnownFileType = sourcecode.c.objc; path = TTPredicateEditorViewController.m; sourceTree = "<group>"; };
		D43B027C23C666E70033BCD1 /* TTQueryController.h */ = {isa = PBXFileReference; fileEncoding = 4; lastKnownFileType = sourcecode.c.h; path = TTQueryController.h; sourceTree = "<group>"; };
		D43B027D23C666E70033BCD1 /* TTQueryController.m */ = {isa = PBXFileReference; fileEncoding = 4; lastKnownFileType = sourcecode.c.objc; path = TTQueryController.m; sourceTree = "<group>"; };
		D43B027E23C666E70033BCD1 /* TTTimeProvider.h */ = {isa = PBXFileReference; fileEncoding = 4; lastKnownFileType = sourcecode.c.h; path = TTTimeProvider.h; sourceTree = "<group>"; };
		D43B027F23C666E80033BCD1 /* WeekdayPredicateTemplate.m */ = {isa = PBXFileReference; fileEncoding = 4; lastKnownFileType = sourcecode.c.objc; path = WeekdayPredicateTemplate.m; sourceTree = "<group>"; };
		D43B028023C666E80033BCD1 /* TWorkPeriod.h */ = {isa = PBXFileReference; fileEncoding = 4; lastKnownFileType = sourcecode.c.h; path = TWorkPeriod.h; sourceTree = "<group>"; };
		D43B028123C666E80033BCD1 /* WorkPeriodMainPredicateTemplate.m */ = {isa = PBXFileReference; fileEncoding = 4; lastKnownFileType = sourcecode.c.objc; path = WorkPeriodMainPredicateTemplate.m; sourceTree = "<group>"; };
		D43B028223C666E80033BCD1 /* TMetaTask.m */ = {isa = PBXFileReference; fileEncoding = 4; lastKnownFileType = sourcecode.c.objc; path = TMetaTask.m; sourceTree = "<group>"; };
		D43B028323C666E80033BCD1 /* StartTaskMenuDelegate.m */ = {isa = PBXFileReference; fileEncoding = 4; lastKnownFileType = sourcecode.c.objc; path = StartTaskMenuDelegate.m; sourceTree = "<group>"; };
		D43B028423C666E80033BCD1 /* TimeIntervalFormatter.h */ = {isa = PBXFileReference; fileEncoding = 4; lastKnownFileType = sourcecode.c.h; path = TimeIntervalFormatter.h; sourceTree = "<group>"; };
		D43B028523C666E80033BCD1 /* TMetaProject.m */ = {isa = PBXFileReference; fileEncoding = 4; lastKnownFileType = sourcecode.c.objc; path = TMetaProject.m; sourceTree = "<group>"; };
		D43B028623C666E80033BCD1 /* TTaskNameTransformer.h */ = {isa = PBXFileReference; fileEncoding = 4; lastKnownFileType = sourcecode.c.h; path = TTaskNameTransformer.h; sourceTree = "<group>"; };
		D43B028723C666E90033BCD1 /* CaseInsensitivePredicateTemplate.h */ = {isa = PBXFileReference; fileEncoding = 4; lastKnownFileType = sourcecode.c.h; path = CaseInsensitivePredicateTemplate.h; sourceTree = "<group>"; };
		D43B028823C666E90033BCD1 /* TaskEditorController.m */ = {isa = PBXFileReference; fileEncoding = 4; lastKnownFileType = sourcecode.c.objc; path = TaskEditorController.m; sourceTree = "<group>"; };
		D43B028923C666E90033BCD1 /* TWorkPeriod.m */ = {isa = PBXFileReference; fileEncoding = 4; lastKnownFileType = sourcecode.c.objc; path = TWorkPeriod.m; sourceTree = "<group>"; };
		D43B028A23C666E90033BCD1 /* RSRTVArrayController.h */ = {isa = PBXFileReference; fileEncoding = 4; lastKnownFileType = sourcecode.c.h; path = RSRTVArrayController.h; sourceTree = "<group>"; };
		D43B028B23C666E90033BCD1 /* TTTimeProvider.m */ = {isa = PBXFileReference; fileEncoding = 4; lastKnownFileType = sourcecode.c.objc; path = TTTimeProvider.m; sourceTree = "<group>"; };
		D43B028C23C666E90033BCD1 /* CaseInsensitivePredicateTemplate.m */ = {isa = PBXFileReference; fileEncoding = 4; lastKnownFileType = sourcecode.c.objc; path = CaseInsensitivePredicateTemplate.m; sourceTree = "<group>"; };
		D43B028D23C666EA0033BCD1 /* TimeIntervalFormatter.m */ = {isa = PBXFileReference; fileEncoding = 4; lastKnownFileType = sourcecode.c.objc; path = TimeIntervalFormatter.m; sourceTree = "<group>"; };
		D43B028E23C666EA0033BCD1 /* TTaskNameTransformer.m */ = {isa = PBXFileReference; fileEncoding = 4; lastKnownFileType = sourcecode.c.objc; path = TTaskNameTransformer.m; sourceTree = "<group>"; };
		D43B028F23C666EA0033BCD1 /* DatePredicateTemplate.h */ = {isa = PBXFileReference; fileEncoding = 4; lastKnownFileType = sourcecode.c.h; path = DatePredicateTemplate.h; sourceTree = "<group>"; };
		D43B029023C666EA0033BCD1 /* TTPredicateEditorViewController.h */ = {isa = PBXFileReference; fileEncoding = 4; lastKnownFileType = sourcecode.c.h; path = TTPredicateEditorViewController.h; sourceTree = "<group>"; };
		D43B029123C666EA0033BCD1 /* WorkPeriodMainPredicateTemplate.h */ = {isa = PBXFileReference; fileEncoding = 4; lastKnownFileType = sourcecode.c.h; path = WorkPeriodMainPredicateTemplate.h; sourceTree = "<group>"; };
		D43B029223C666EA0033BCD1 /* WeekdayPredicateTemplate.h */ = {isa = PBXFileReference; fileEncoding = 4; lastKnownFileType = sourcecode.c.h; path = WeekdayPredicateTemplate.h; sourceTree = "<group>"; };
		D43B029323C666EB0033BCD1 /* TProject.m */ = {isa = PBXFileReference; fileEncoding = 4; lastKnownFileType = sourcecode.c.objc; path = TProject.m; sourceTree = "<group>"; };
		D43B029423C666EB0033BCD1 /* TProject.h */ = {isa = PBXFileReference; fileEncoding = 4; lastKnownFileType = sourcecode.c.h; path = TProject.h; sourceTree = "<group>"; };
		D43B029523C666EB0033BCD1 /* DatePredicateTemplate.m */ = {isa = PBXFileReference; fileEncoding = 4; lastKnownFileType = sourcecode.c.objc; path = DatePredicateTemplate.m; sourceTree = "<group>"; };
		D555336D115C140F000D3B99 /* dsa_pub.pem */ = {isa = PBXFileReference; fileEncoding = 4; lastKnownFileType = text; path = dsa_pub.pem; sourceTree = "<group>"; };
		D5A7616E10C1C24A004B88C7 /* English */ = {isa = PBXFileReference; fileEncoding = 4; lastKnownFileType = file.xib; name = English; path = English.lproj/MainMenu.xib; sourceTree = "<group>"; };
		D5B0A2C60D24D15A004DBF70 /* pickdateofftool.png */ = {isa = PBXFileReference; lastKnownFileType = image.png; name = pickdateofftool.png; path = Graphics/pickdateofftool.png; sourceTree = "<group>"; };
		D5B0A2C70D24D15A004DBF70 /* pickdatetool.png */ = {isa = PBXFileReference; lastKnownFileType = image.png; name = pickdatetool.png; path = Graphics/pickdatetool.png; sourceTree = "<group>"; };
		D5C9939B11636AFB00AFCE6E /* ChangeLog.yml */ = {isa = PBXFileReference; fileEncoding = 4; lastKnownFileType = text; path = ChangeLog.yml; sourceTree = "<group>"; };
		D5CB9CFF11E2055D00E3283E /* English */ = {isa = PBXFileReference; lastKnownFileType = file.xib; name = English; path = English.lproj/TaskEditor.xib; sourceTree = "<group>"; };
		D5E58E3A0D243A21003020AA /* dayofftool.png */ = {isa = PBXFileReference; lastKnownFileType = image.png; name = dayofftool.png; path = Graphics/dayofftool.png; sourceTree = "<group>"; };
		D5E58E3B0D243A21003020AA /* daytool.png */ = {isa = PBXFileReference; lastKnownFileType = image.png; name = daytool.png; path = Graphics/daytool.png; sourceTree = "<group>"; };
		D5E58E3C0D243A21003020AA /* monthofftool.png */ = {isa = PBXFileReference; lastKnownFileType = image.png; name = monthofftool.png; path = Graphics/monthofftool.png; sourceTree = "<group>"; };
		D5E58E3D0D243A21003020AA /* monthtool.png */ = {isa = PBXFileReference; lastKnownFileType = image.png; name = monthtool.png; path = Graphics/monthtool.png; sourceTree = "<group>"; };
		D5E58E3E0D243A21003020AA /* weekofftool.png */ = {isa = PBXFileReference; lastKnownFileType = image.png; name = weekofftool.png; path = Graphics/weekofftool.png; sourceTree = "<group>"; };
		D5E58E3F0D243A21003020AA /* weektool.png */ = {isa = PBXFileReference; lastKnownFileType = image.png; name = weektool.png; path = Graphics/weektool.png; sourceTree = "<group>"; };
/* End PBXFileReference section */

/* Begin PBXFrameworksBuildPhase section */
		8D11072E0486CEB800E47090 /* Frameworks */ = {
			isa = PBXFrameworksBuildPhase;
			buildActionMask = 2147483647;
			files = (
				8D11072F0486CEB800E47090 /* Cocoa.framework in Frameworks */,
			);
			runOnlyForDeploymentPostprocessing = 0;
		};
/* End PBXFrameworksBuildPhase section */

/* Begin PBXGroup section */
		1058C7A0FEA54F0111CA2CBB /* Linked Frameworks */ = {
			isa = PBXGroup;
			children = (
				1058C7A1FEA54F0111CA2CBB /* Cocoa.framework */,
			);
			name = "Linked Frameworks";
			sourceTree = "<group>";
		};
		1058C7A2FEA54F0111CA2CBB /* Other Frameworks */ = {
			isa = PBXGroup;
			children = (
				29B97324FDCFA39411CA2CEA /* AppKit.framework */,
				29B97325FDCFA39411CA2CEA /* Foundation.framework */,
			);
			name = "Other Frameworks";
			sourceTree = "<group>";
		};
		19C28FACFE9D520D11CA2CBB /* Products */ = {
			isa = PBXGroup;
			children = (
				8D1107320486CEB800E47090 /* Time Tracker.app */,
			);
			name = Products;
			sourceTree = "<group>";
		};
		29B97314FDCFA39411CA2CEA /* Time Tracker */ = {
			isa = PBXGroup;
			children = (
				D56D801A10B5F15C00C3729B /* src */,
				2C9DD7100905824100AA5C6E /* Graphics */,
				29B97315FDCFA39411CA2CEA /* Other Sources */,
				29B97317FDCFA39411CA2CEA /* Resources */,
				29B97323FDCFA39411CA2CEA /* Frameworks */,
				19C28FACFE9D520D11CA2CBB /* Products */,
			);
			name = "Time Tracker";
			sourceTree = "<group>";
		};
		29B97315FDCFA39411CA2CEA /* Other Sources */ = {
			isa = PBXGroup;
			children = (
				32CA4F630368D1EE00C91783 /* Time Tracker_Prefix.pch */,
				29B97316FDCFA39411CA2CEA /* main.m */,
			);
			name = "Other Sources";
			sourceTree = "<group>";
		};
		29B97317FDCFA39411CA2CEA /* Resources */ = {
			isa = PBXGroup;
			children = (
				D5235F36123825D0005D0C38 /* en */,
				D555336D115C140F000D3B99 /* dsa_pub.pem */,
				B163D4040B646239007D0E2C /* AUTHORS.txt */,
				B163D4050B646239007D0E2C /* LICENSE-GPL.txt */,
				D5C9939B11636AFB00AFCE6E /* ChangeLog.yml */,
				B19BDFC10B5C956700465046 /* ChangeLog.txt */,
				B19BDFC20B5C956700465046 /* LICENSE.txt */,
				2C9DB973090677B20039C62A /* Icon.icns */,
				8D1107310486CEB800E47090 /* Info.plist */,
			);
			name = Resources;
			sourceTree = "<group>";
		};
		29B97323FDCFA39411CA2CEA /* Frameworks */ = {
			isa = PBXGroup;
			children = (
				1058C7A0FEA54F0111CA2CBB /* Linked Frameworks */,
				1058C7A2FEA54F0111CA2CBB /* Other Frameworks */,
			);
			name = Frameworks;
			sourceTree = "<group>";
		};
		2C9DD7100905824100AA5C6E /* Graphics */ = {
			isa = PBXGroup;
			children = (
				D5B0A2C60D24D15A004DBF70 /* pickdateofftool.png */,
				D5B0A2C70D24D15A004DBF70 /* pickdatetool.png */,
				D5E58E3A0D243A21003020AA /* dayofftool.png */,
				D5E58E3B0D243A21003020AA /* daytool.png */,
				D5E58E3C0D243A21003020AA /* monthofftool.png */,
				D5E58E3D0D243A21003020AA /* monthtool.png */,
				D5E58E3E0D243A21003020AA /* weekofftool.png */,
				D5E58E3F0D243A21003020AA /* weektool.png */,
				2C9DB944090675EB0039C62A /* addprojecttool.png */,
				2C9DB945090675EB0039C62A /* addtasktool.png */,
				2C9DB946090675EB0039C62A /* playtool.png */,
				2C9DB947090675EB0039C62A /* stoptool.png */,
				2C9DD7170905824F00AA5C6E /* playitem_hl.png */,
				2C9DD7180905824F00AA5C6E /* playitem.png */,
				2C9DD7190905824F00AA5C6E /* stopitem_hl.png */,
				2C9DD71A0905824F00AA5C6E /* stopitem.png */,
			);
			name = Graphics;
			sourceTree = "<group>";
		};
		D5235F36123825D0005D0C38 /* en */ = {
			isa = PBXGroup;
			children = (
				089C165CFE840E0CC02AAC07 /* InfoPlist.strings */,
				D5A7616D10C1C24A004B88C7 /* MainMenu.xib */,
				D5CB9CFE11E2055D00E3283E /* TaskEditor.xib */,
			);
			name = en;
			sourceTree = "<group>";
		};
		D56D801A10B5F15C00C3729B /* src */ = {
			isa = PBXGroup;
			children = (
				D43B028723C666E90033BCD1 /* CaseInsensitivePredicateTemplate.h */,
				D43B028C23C666E90033BCD1 /* CaseInsensitivePredicateTemplate.m */,
				D43B028F23C666EA0033BCD1 /* DatePredicateTemplate.h */,
				D43B029523C666EB0033BCD1 /* DatePredicateTemplate.m */,
				D43B026A23C666E60033BCD1 /* IProject.h */,
				D43B027A23C666E70033BCD1 /* ITask.h */,
				D43B026C23C666E60033BCD1 /* MainController.h */,
				D43B027123C666E60033BCD1 /* MainController.m */,
				D43B027623C666E70033BCD1 /* PreferencesController.h */,
				D43B026B23C666E60033BCD1 /* PreferencesController.m */,
				D43B028A23C666E90033BCD1 /* RSRTVArrayController.h */,
				D43B027523C666E70033BCD1 /* RSRTVArrayController.m */,
				D43B027223C666E60033BCD1 /* SearchQuery.h */,
				D43B026823C666E60033BCD1 /* SearchQuery.m */,
				D43B027423C666E60033BCD1 /* StartTaskMenuDelegate.h */,
				D43B028323C666E80033BCD1 /* StartTaskMenuDelegate.m */,
				D43B026923C666E60033BCD1 /* TaskEditorController.h */,
				D43B028823C666E90033BCD1 /* TaskEditorController.m */,
				D43B027023C666E60033BCD1 /* TDateTransformer.h */,
				D43B026F23C666E60033BCD1 /* TDateTransformer.m */,
				D43B028423C666E80033BCD1 /* TimeIntervalFormatter.h */,
				D43B028D23C666EA0033BCD1 /* TimeIntervalFormatter.m */,
				D43B026D23C666E60033BCD1 /* TMetaProject.h */,
				D43B028523C666E80033BCD1 /* TMetaProject.m */,
				D43B026723C666E60033BCD1 /* TMetaTask.h */,
				D43B028223C666E80033BCD1 /* TMetaTask.m */,
				D43B029423C666EB0033BCD1 /* TProject.h */,
				D43B029323C666EB0033BCD1 /* TProject.m */,
				D43B027323C666E60033BCD1 /* TTask.h */,
				D43B026E23C666E60033BCD1 /* TTask.m */,
				D43B027723C666E70033BCD1 /* TTaskMover.h */,
				D43B027823C666E70033BCD1 /* TTaskMover.m */,
				D43B028623C666E80033BCD1 /* TTaskNameTransformer.h */,
				D43B028E23C666EA0033BCD1 /* TTaskNameTransformer.m */,
				D43B026623C666E50033BCD1 /* TTParsedPredicate.h */,
				D43B027923C666E70033BCD1 /* TTParsedPredicate.m */,
				D43B029023C666EA0033BCD1 /* TTPredicateEditorViewController.h */,
				D43B027B23C666E70033BCD1 /* TTPredicateEditorViewController.m */,
				D43B027C23C666E70033BCD1 /* TTQueryController.h */,
				D43B027D23C666E70033BCD1 /* TTQueryController.m */,
				D43B027E23C666E70033BCD1 /* TTTimeProvider.h */,
				D43B028B23C666E90033BCD1 /* TTTimeProvider.m */,
				D43B028023C666E80033BCD1 /* TWorkPeriod.h */,
				D43B028923C666E90033BCD1 /* TWorkPeriod.m */,
				D43B029223C666EA0033BCD1 /* WeekdayPredicateTemplate.h */,
				D43B027F23C666E80033BCD1 /* WeekdayPredicateTemplate.m */,
				D43B029123C666EA0033BCD1 /* WorkPeriodMainPredicateTemplate.h */,
				D43B028123C666E80033BCD1 /* WorkPeriodMainPredicateTemplate.m */,
			);
			name = src;
			sourceTree = "<group>";
		};
/* End PBXGroup section */

/* Begin PBXNativeTarget section */
		8D1107260486CEB800E47090 /* Time Tracker */ = {
			isa = PBXNativeTarget;
			buildConfigurationList = 2CFAEE2109042EE900131DD6 /* Build configuration list for PBXNativeTarget "Time Tracker" */;
			buildPhases = (
				8D11072C0486CEB800E47090 /* Sources */,
				8D1107290486CEB800E47090 /* Resources */,
				8D11072E0486CEB800E47090 /* Frameworks */,
			);
			buildRules = (
			);
			dependencies = (
			);
			name = "Time Tracker";
			productInstallPath = "$(HOME)/Applications";
			productName = "Time Tracker";
			productReference = 8D1107320486CEB800E47090 /* Time Tracker.app */;
			productType = "com.apple.product-type.application";
		};
/* End PBXNativeTarget section */

/* Begin PBXProject section */
		29B97313FDCFA39411CA2CEA /* Project object */ = {
			isa = PBXProject;
			attributes = {
				LastUpgradeCheck = 1010;
			};
			buildConfigurationList = 2CFAEE2509042EE900131DD6 /* Build configuration list for PBXProject "Time Tracker" */;
			compatibilityVersion = "Xcode 3.2";
			developmentRegion = English;
			hasScannedForEncodings = 1;
			knownRegions = (
				en,
				English,
				German,
			);
			mainGroup = 29B97314FDCFA39411CA2CEA /* Time Tracker */;
			projectDirPath = "";
			projectRoot = "";
			targets = (
				8D1107260486CEB800E47090 /* Time Tracker */,
				B19BDFB30B5C94F200465046 /* Release Package */,
			);
		};
/* End PBXProject section */

/* Begin PBXResourcesBuildPhase section */
		8D1107290486CEB800E47090 /* Resources */ = {
			isa = PBXResourcesBuildPhase;
			buildActionMask = 2147483647;
			files = (
				8D11072B0486CEB800E47090 /* InfoPlist.strings in Resources */,
				2C9DD71B0905824F00AA5C6E /* playitem_hl.png in Resources */,
				2C9DD71C0905824F00AA5C6E /* playitem.png in Resources */,
				2C9DD71D0905824F00AA5C6E /* stopitem_hl.png in Resources */,
				2C9DD71E0905824F00AA5C6E /* stopitem.png in Resources */,
				2C9DB948090675EB0039C62A /* addprojecttool.png in Resources */,
				2C9DB949090675EB0039C62A /* addtasktool.png in Resources */,
				2C9DB94A090675EB0039C62A /* playtool.png in Resources */,
				2C9DB94B090675EB0039C62A /* stoptool.png in Resources */,
				2C9DB974090677B20039C62A /* Icon.icns in Resources */,
				D5E58E400D243A21003020AA /* dayofftool.png in Resources */,
				D5E58E410D243A21003020AA /* daytool.png in Resources */,
				D5E58E420D243A21003020AA /* monthofftool.png in Resources */,
				D5E58E430D243A21003020AA /* monthtool.png in Resources */,
				D5E58E440D243A21003020AA /* weekofftool.png in Resources */,
				D5E58E450D243A21003020AA /* weektool.png in Resources */,
				D5B0A2C80D24D15A004DBF70 /* pickdateofftool.png in Resources */,
				D5B0A2C90D24D15A004DBF70 /* pickdatetool.png in Resources */,
				D5A7616F10C1C24A004B88C7 /* MainMenu.xib in Resources */,
				D555336E115C140F000D3B99 /* dsa_pub.pem in Resources */,
				D5C9939C11636AFB00AFCE6E /* ChangeLog.yml in Resources */,
				D5CB9D0011E2055D00E3283E /* TaskEditor.xib in Resources */,
			);
			runOnlyForDeploymentPostprocessing = 0;
		};
/* End PBXResourcesBuildPhase section */

/* Begin PBXShellScriptBuildPhase section */
		D5C283AC11634F8000409452 /* ShellScript */ = {
			isa = PBXShellScriptBuildPhase;
			buildActionMask = 2147483647;
			files = (
			);
			inputPaths = (
			);
			outputPaths = (
			);
			runOnlyForDeploymentPostprocessing = 0;
			shellPath = /bin/sh;
			shellScript = "rm -f \"$TARGET_BUILD_DIR/$PROJECT_NAME-$CURRENT_PROJECT_VERSION.zip\"\n\n(cd \"$TARGET_BUILD_DIR/Release-$CURRENT_PROJECT_VERSION/\"\n\tzip -r -9 - *\n) > \"$TARGET_BUILD_DIR/$PROJECT_NAME-$CURRENT_PROJECT_VERSION.zip\"";
		};
/* End PBXShellScriptBuildPhase section */

/* Begin PBXSourcesBuildPhase section */
		8D11072C0486CEB800E47090 /* Sources */ = {
			isa = PBXSourcesBuildPhase;
			buildActionMask = 2147483647;
			files = (
				D43B029723C666EB0033BCD1 /* PreferencesController.m in Sources */,
				D43B029F23C666EB0033BCD1 /* TTQueryController.m in Sources */,
				D43B029823C666EB0033BCD1 /* TTask.m in Sources */,
				D43B02A923C666EB0033BCD1 /* TimeIntervalFormatter.m in Sources */,
				D43B029623C666EB0033BCD1 /* SearchQuery.m in Sources */,
				D43B02A023C666EB0033BCD1 /* WeekdayPredicateTemplate.m in Sources */,
				D43B029D23C666EB0033BCD1 /* TTParsedPredicate.m in Sources */,
				8D11072D0486CEB800E47090 /* main.m in Sources */,
				D43B02A323C666EB0033BCD1 /* StartTaskMenuDelegate.m in Sources */,
				D43B029A23C666EB0033BCD1 /* MainController.m in Sources */,
				D43B029923C666EB0033BCD1 /* TDateTransformer.m in Sources */,
				D43B029E23C666EB0033BCD1 /* TTPredicateEditorViewController.m in Sources */,
				D43B02AA23C666EB0033BCD1 /* TTaskNameTransformer.m in Sources */,
				D43B02AC23C666EB0033BCD1 /* DatePredicateTemplate.m in Sources */,
				D43B02A823C666EB0033BCD1 /* CaseInsensitivePredicateTemplate.m in Sources */,
				D43B02A423C666EB0033BCD1 /* TMetaProject.m in Sources */,
				D43B02A623C666EB0033BCD1 /* TWorkPeriod.m in Sources */,
				D43B02A223C666EB0033BCD1 /* TMetaTask.m in Sources */,
				D43B029B23C666EB0033BCD1 /* RSRTVArrayController.m in Sources */,
				D43B02AB23C666EB0033BCD1 /* TProject.m in Sources */,
				D43B029C23C666EB0033BCD1 /* TTaskMover.m in Sources */,
				D43B02A123C666EB0033BCD1 /* WorkPeriodMainPredicateTemplate.m in Sources */,
				D43B02A723C666EB0033BCD1 /* TTTimeProvider.m in Sources */,
				D43B02A523C666EB0033BCD1 /* TaskEditorController.m in Sources */,
			);
			runOnlyForDeploymentPostprocessing = 0;
		};
/* End PBXSourcesBuildPhase section */

/* Begin PBXTargetDependency section */
		B19BDFB50B5C94FA00465046 /* PBXTargetDependency */ = {
			isa = PBXTargetDependency;
			target = 8D1107260486CEB800E47090 /* Time Tracker */;
			targetProxy = B19BDFB40B5C94FA00465046 /* PBXContainerItemProxy */;
		};
/* End PBXTargetDependency section */

/* Begin PBXVariantGroup section */
		089C165CFE840E0CC02AAC07 /* InfoPlist.strings */ = {
			isa = PBXVariantGroup;
			children = (
				089C165DFE840E0CC02AAC07 /* English */,
			);
			name = InfoPlist.strings;
			sourceTree = "<group>";
		};
		D5A7616D10C1C24A004B88C7 /* MainMenu.xib */ = {
			isa = PBXVariantGroup;
			children = (
				D5A7616E10C1C24A004B88C7 /* English */,
			);
			name = MainMenu.xib;
			sourceTree = "<group>";
		};
		D5CB9CFE11E2055D00E3283E /* TaskEditor.xib */ = {
			isa = PBXVariantGroup;
			children = (
				D5CB9CFF11E2055D00E3283E /* English */,
			);
			name = TaskEditor.xib;
			sourceTree = "<group>";
		};
/* End PBXVariantGroup section */

/* Begin XCBuildConfiguration section */
		2CFAEE2209042EE900131DD6 /* Debug */ = {
			isa = XCBuildConfiguration;
			buildSettings = {
				BUNDLE_IDENTIFIER = com.slooz.timetracker;
				COMBINE_HIDPI_IMAGES = YES;
				COPY_PHASE_STRIP = NO;
				CURRENT_PROJECT_VERSION = 1.3.13;
				FRAMEWORK_SEARCH_PATHS = (
					"$(inherited)",
					"$(FRAMEWORK_SEARCH_PATHS_QUOTED_FOR_TARGET_1)",
					"\"$(SRCROOT)/BWToolkit\"",
					"\"$(SRCROOT)/BWToolkit/BWToolkit.ibplugin/Contents/Frameworks\"",
					"\"$(SRCROOT)/BWToolkit.ibplugin/Contents/Frameworks\"",
				);
				FRAMEWORK_SEARCH_PATHS_QUOTED_FOR_TARGET_1 = "\"$(SRCROOT)\"";
				GCC_DYNAMIC_NO_PIC = NO;
				GCC_ENABLE_FIX_AND_CONTINUE = YES;
				GCC_GENERATE_DEBUGGING_SYMBOLS = YES;
				GCC_OPTIMIZATION_LEVEL = 0;
				GCC_PRECOMPILE_PREFIX_HEADER = NO;
				GCC_PREFIX_HEADER = "Time Tracker_Prefix.pch";
				GCC_WARN_ABOUT_RETURN_TYPE = YES;
				GCC_WARN_UNUSED_VARIABLE = YES;
				INFOPLIST_FILE = Info.plist;
				INSTALL_PATH = "$(HOME)/Applications";
				MACOSX_DEPLOYMENT_TARGET = 10.7;
				PREBINDING = NO;
				PRODUCT_BUNDLE_IDENTIFIER = "${BUNDLE_IDENTIFIER}";
				PRODUCT_NAME = "Time Tracker";
				SDKROOT = macosx;
				VALID_ARCHS = "x86_64 i386 ppc";
				WRAPPER_EXTENSION = app;
				ZERO_LINK = YES;
			};
			name = Debug;
		};
		2CFAEE2309042EE900131DD6 /* Release */ = {
			isa = XCBuildConfiguration;
			buildSettings = {
				BUNDLE_IDENTIFIER = com.slooz.timetracker;
				COMBINE_HIDPI_IMAGES = YES;
				COPY_PHASE_STRIP = YES;
				CURRENT_PROJECT_VERSION = 1.3.13;
				FRAMEWORK_SEARCH_PATHS = (
					"$(inherited)",
					"$(FRAMEWORK_SEARCH_PATHS_QUOTED_FOR_TARGET_1)",
					"\"$(SRCROOT)/BWToolkit\"",
					"\"$(SRCROOT)/BWToolkit/BWToolkit.ibplugin/Contents/Frameworks\"",
					"\"$(SRCROOT)/BWToolkit.ibplugin/Contents/Frameworks\"",
				);
				FRAMEWORK_SEARCH_PATHS_QUOTED_FOR_TARGET_1 = "\"$(SRCROOT)\"";
				GCC_ENABLE_FIX_AND_CONTINUE = NO;
				GCC_GENERATE_DEBUGGING_SYMBOLS = NO;
				GCC_PRECOMPILE_PREFIX_HEADER = NO;
				GCC_PREFIX_HEADER = "Time Tracker_Prefix.pch";
				GCC_WARN_ABOUT_RETURN_TYPE = YES;
				GCC_WARN_UNUSED_VARIABLE = YES;
				INFOPLIST_FILE = Info.plist;
				INSTALL_PATH = "$(HOME)/Applications";
				MACOSX_DEPLOYMENT_TARGET = 10.7;
				PREBINDING = NO;
				PRODUCT_BUNDLE_IDENTIFIER = "${BUNDLE_IDENTIFIER}";
				PRODUCT_NAME = "Time Tracker";
				SDKROOT = macosx;
				VALID_ARCHS = "x86_64 i386 ppc";
				WRAPPER_EXTENSION = app;
				ZERO_LINK = NO;
			};
			name = Release;
		};
		2CFAEE2409042EE900131DD6 /* Default */ = {
			isa = XCBuildConfiguration;
			buildSettings = {
				BUNDLE_IDENTIFIER = com.slooz.timetracker;
				COMBINE_HIDPI_IMAGES = YES;
				CURRENT_PROJECT_VERSION = 1.3.13;
				FRAMEWORK_SEARCH_PATHS = (
					"$(inherited)",
					"$(FRAMEWORK_SEARCH_PATHS_QUOTED_FOR_TARGET_1)",
					"\"$(SRCROOT)/BWToolkit\"",
					"\"$(SRCROOT)/BWToolkit/BWToolkit.ibplugin/Contents/Frameworks\"",
					"\"$(SRCROOT)/BWToolkit.ibplugin/Contents/Frameworks\"",
				);
				FRAMEWORK_SEARCH_PATHS_QUOTED_FOR_TARGET_1 = "\"$(SRCROOT)\"";
				GCC_GENERATE_DEBUGGING_SYMBOLS = NO;
				GCC_PRECOMPILE_PREFIX_HEADER = NO;
				GCC_PREFIX_HEADER = "Time Tracker_Prefix.pch";
				GCC_WARN_ABOUT_RETURN_TYPE = YES;
				GCC_WARN_UNUSED_VARIABLE = YES;
				INFOPLIST_FILE = Info.plist;
				INSTALL_PATH = "$(HOME)/Applications";
				MACOSX_DEPLOYMENT_TARGET = 10.7;
				PRODUCT_BUNDLE_IDENTIFIER = "${BUNDLE_IDENTIFIER}";
				PRODUCT_NAME = "Time Tracker";
				SDKROOT = macosx;
				VALID_ARCHS = "x86_64 i386 ppc";
				WRAPPER_EXTENSION = app;
			};
			name = Default;
		};
		2CFAEE2609042EE900131DD6 /* Debug */ = {
			isa = XCBuildConfiguration;
			buildSettings = {
				CLANG_ANALYZER_LOCALIZABILITY_NONLOCALIZED = YES;
				CLANG_WARN_BOOL_CONVERSION = YES;
				CLANG_WARN_CONSTANT_CONVERSION = YES;
				CLANG_WARN_EMPTY_BODY = YES;
				CLANG_WARN_ENUM_CONVERSION = YES;
				CLANG_WARN_INT_CONVERSION = YES;
				CLANG_WARN_UNREACHABLE_CODE = YES;
				CLANG_WARN__DUPLICATE_METHOD_MATCH = YES;
				CURRENT_PROJECT_VERSION = 1.3.13;
				ENABLE_STRICT_OBJC_MSGSEND = YES;
				ENABLE_TESTABILITY = YES;
				GCC_NO_COMMON_BLOCKS = YES;
				GCC_WARN_64_TO_32_BIT_CONVERSION = YES;
				GCC_WARN_ABOUT_RETURN_TYPE = YES;
				GCC_WARN_UNDECLARED_SELECTOR = YES;
				GCC_WARN_UNINITIALIZED_AUTOS = YES;
				GCC_WARN_UNUSED_FUNCTION = YES;
				GCC_WARN_UNUSED_VARIABLE = YES;
				MACOSX_DEPLOYMENT_TARGET = 10.7;
				ONLY_ACTIVE_ARCH = YES;
				RUN_CLANG_STATIC_ANALYZER = YES;
				SDKROOT = macosx;
				VALID_ARCHS = "x86_64 i386 ppc";
				ZERO_LINK = YES;
			};
			name = Debug;
		};
		2CFAEE2709042EE900131DD6 /* Release */ = {
			isa = XCBuildConfiguration;
			buildSettings = {
				CLANG_ANALYZER_LOCALIZABILITY_NONLOCALIZED = YES;
				CLANG_WARN_BOOL_CONVERSION = YES;
				CLANG_WARN_CONSTANT_CONVERSION = YES;
				CLANG_WARN_EMPTY_BODY = YES;
				CLANG_WARN_ENUM_CONVERSION = YES;
				CLANG_WARN_INT_CONVERSION = YES;
				CLANG_WARN_UNREACHABLE_CODE = YES;
				CLANG_WARN__DUPLICATE_METHOD_MATCH = YES;
				CURRENT_PROJECT_VERSION = 1.3.13;
				ENABLE_STRICT_OBJC_MSGSEND = YES;
				GCC_NO_COMMON_BLOCKS = YES;
				GCC_WARN_64_TO_32_BIT_CONVERSION = YES;
				GCC_WARN_ABOUT_RETURN_TYPE = YES;
				GCC_WARN_UNDECLARED_SELECTOR = YES;
				GCC_WARN_UNINITIALIZED_AUTOS = YES;
				GCC_WARN_UNUSED_FUNCTION = YES;
				GCC_WARN_UNUSED_VARIABLE = YES;
				MACOSX_DEPLOYMENT_TARGET = 10.7;
				RUN_CLANG_STATIC_ANALYZER = YES;
				SDKROOT = macosx;
				VALID_ARCHS = "x86_64 i386 ppc";
			};
			name = Release;
		};
		2CFAEE2809042EE900131DD6 /* Default */ = {
			isa = XCBuildConfiguration;
			buildSettings = {
				CLANG_ANALYZER_LOCALIZABILITY_NONLOCALIZED = YES;
				CLANG_WARN_BOOL_CONVERSION = YES;
				CLANG_WARN_CONSTANT_CONVERSION = YES;
				CLANG_WARN_EMPTY_BODY = YES;
				CLANG_WARN_ENUM_CONVERSION = YES;
				CLANG_WARN_INT_CONVERSION = YES;
				CLANG_WARN_UNREACHABLE_CODE = YES;
				CLANG_WARN__DUPLICATE_METHOD_MATCH = YES;
				CURRENT_PROJECT_VERSION = 1.3.13;
				ENABLE_STRICT_OBJC_MSGSEND = YES;
				GCC_NO_COMMON_BLOCKS = YES;
				GCC_WARN_64_TO_32_BIT_CONVERSION = YES;
				GCC_WARN_ABOUT_RETURN_TYPE = YES;
				GCC_WARN_UNDECLARED_SELECTOR = YES;
				GCC_WARN_UNINITIALIZED_AUTOS = YES;
				GCC_WARN_UNUSED_FUNCTION = YES;
				GCC_WARN_UNUSED_VARIABLE = YES;
				MACOSX_DEPLOYMENT_TARGET = 10.7;
				RUN_CLANG_STATIC_ANALYZER = YES;
				SDKROOT = macosx;
				VALID_ARCHS = "x86_64 i386 ppc";
			};
			name = Default;
		};
		B19BDFBE0B5C955500465046 /* Debug */ = {
			isa = XCBuildConfiguration;
			buildSettings = {
				COPY_PHASE_STRIP = NO;
				GCC_DYNAMIC_NO_PIC = NO;
				GCC_GENERATE_DEBUGGING_SYMBOLS = YES;
				GCC_OPTIMIZATION_LEVEL = 0;
				PRODUCT_NAME = "Release Package";
			};
			name = Debug;
		};
		B19BDFBF0B5C955500465046 /* Release */ = {
			isa = XCBuildConfiguration;
			buildSettings = {
				COPY_PHASE_STRIP = YES;
				GCC_ENABLE_FIX_AND_CONTINUE = NO;
				GCC_GENERATE_DEBUGGING_SYMBOLS = NO;
				PRODUCT_NAME = "Release Package";
				ZERO_LINK = NO;
			};
			name = Release;
		};
		B19BDFC00B5C955500465046 /* Default */ = {
			isa = XCBuildConfiguration;
			buildSettings = {
				PRODUCT_NAME = "Release Package";
			};
			name = Default;
		};
/* End XCBuildConfiguration section */

/* Begin XCConfigurationList section */
		2CFAEE2109042EE900131DD6 /* Build configuration list for PBXNativeTarget "Time Tracker" */ = {
			isa = XCConfigurationList;
			buildConfigurations = (
				2CFAEE2209042EE900131DD6 /* Debug */,
				2CFAEE2309042EE900131DD6 /* Release */,
				2CFAEE2409042EE900131DD6 /* Default */,
			);
			defaultConfigurationIsVisible = 0;
			defaultConfigurationName = Default;
		};
		2CFAEE2509042EE900131DD6 /* Build configuration list for PBXProject "Time Tracker" */ = {
			isa = XCConfigurationList;
			buildConfigurations = (
				2CFAEE2609042EE900131DD6 /* Debug */,
				2CFAEE2709042EE900131DD6 /* Release */,
				2CFAEE2809042EE900131DD6 /* Default */,
			);
			defaultConfigurationIsVisible = 0;
			defaultConfigurationName = Default;
		};
		B19BDFBD0B5C955500465046 /* Build configuration list for PBXAggregateTarget "Release Package" */ = {
			isa = XCConfigurationList;
			buildConfigurations = (
				B19BDFBE0B5C955500465046 /* Debug */,
				B19BDFBF0B5C955500465046 /* Release */,
				B19BDFC00B5C955500465046 /* Default */,
			);
			defaultConfigurationIsVisible = 0;
			defaultConfigurationName = Default;
		};
/* End XCConfigurationList section */
	};
	rootObject = 29B97313FDCFA39411CA2CEA /* Project object */;
}
